
Microsoft Visual Studio Solution File, Format Version 12.00
# Visual Studio Version 16
VisualStudioVersion = 16.0.33027.164
MinimumVisualStudioVersion = 10.0.40219.1
Project("{FAE04EC0-301F-11D3-BF4B-00C04F79EFBC}") = "WebApplication3", "WebApplication3\WebApplication3.csproj", "{95452AE1-9F00-40FF-8812-4F226242247C}"
EndProject
Global
	GlobalSection(SolutionConfigurationPlatforms) = preSolution
		Debug|Any CPU = Debug|Any CPU
		Release|Any CPU = Release|Any CPU
	EndGlobalSection
	GlobalSection(ProjectConfigurationPlatforms) = postSolution
		{95452AE1-9F00-40FF-8812-4F226242247C}.Debug|Any CPU.ActiveCfg = Debug|Any CPU
		{95452AE1-9F00-40FF-8812-4F226242247C}.Debug|Any CPU.Build.0 = Debug|Any CPU
		{95452AE1-9F00-40FF-8812-4F226242247C}.Release|Any CPU.ActiveCfg = Release|Any CPU
		{95452AE1-9F00-40FF-8812-4F226242247C}.Release|Any CPU.Build.0 = Release|Any CPU
	EndGlobalSection
	GlobalSection(SolutionProperties) = preSolution
		HideSolutionNode = FALSE
	EndGlobalSection
	GlobalSection(ExtensibilityGlobals) = postSolution
		SolutionGuid = {B0608274-D40A-486E-B18E-5B06DB0F08F2}
	EndGlobalSection
EndGlobal
